
Microsoft Visual Studio Solution File, Format Version 12.00
# Visual Studio Version 17
VisualStudioVersion = 17.5.002.0
MinimumVisualStudioVersion = 10.0.40219.1
Project("{9A19103F-16F7-4668-BE54-9A1E7A4F7556}") = "Mereo.Domain", "Mereo.Domain\Mereo.Domain.csproj", "{78567B2D-0A24-487A-AEF3-179E8FCE9E92}"
EndProject
Project("{9A19103F-16F7-4668-BE54-9A1E7A4F7556}") = "Mereo.Domain.Test", "Mereo.Domain.Test\Mereo.Domain.Test.csproj", "{6986D0D2-62A1-436D-8D3D-D1697809303F}"
EndProject
Project("{FAE04EC0-301F-11D3-BF4B-00C04F79EFBC}") = "Mereo.WebUI", "Mereo.WebUI\Mereo.WebUI.csproj", "{3A98C009-B705-431E-88CE-5607B60A2AD1}"
EndProject
Global
	GlobalSection(SolutionConfigurationPlatforms) = preSolution
		Debug|Any CPU = Debug|Any CPU
		Release|Any CPU = Release|Any CPU
	EndGlobalSection
	GlobalSection(ProjectConfigurationPlatforms) = postSolution
		{78567B2D-0A24-487A-AEF3-179E8FCE9E92}.Debug|Any CPU.ActiveCfg = Debug|Any CPU
		{78567B2D-0A24-487A-AEF3-179E8FCE9E92}.Debug|Any CPU.Build.0 = Debug|Any CPU
		{78567B2D-0A24-487A-AEF3-179E8FCE9E92}.Release|Any CPU.ActiveCfg = Release|Any CPU
		{78567B2D-0A24-487A-AEF3-179E8FCE9E92}.Release|Any CPU.Build.0 = Release|Any CPU
		{6986D0D2-62A1-436D-8D3D-D1697809303F}.Debug|Any CPU.ActiveCfg = Debug|Any CPU
		{6986D0D2-62A1-436D-8D3D-D1697809303F}.Debug|Any CPU.Build.0 = Debug|Any CPU
		{6986D0D2-62A1-436D-8D3D-D1697809303F}.Release|Any CPU.ActiveCfg = Release|Any CPU
		{6986D0D2-62A1-436D-8D3D-D1697809303F}.Release|Any CPU.Build.0 = Release|Any CPU
		{3A98C009-B705-431E-88CE-5607B60A2AD1}.Debug|Any CPU.ActiveCfg = Debug|Any CPU
		{3A98C009-B705-431E-88CE-5607B60A2AD1}.Debug|Any CPU.Build.0 = Debug|Any CPU
		{3A98C009-B705-431E-88CE-5607B60A2AD1}.Release|Any CPU.ActiveCfg = Release|Any CPU
		{3A98C009-B705-431E-88CE-5607B60A2AD1}.Release|Any CPU.Build.0 = Release|Any CPU
	EndGlobalSection
	GlobalSection(SolutionProperties) = preSolution
		HideSolutionNode = FALSE
	EndGlobalSection
	GlobalSection(ExtensibilityGlobals) = postSolution
		SolutionGuid = {817B2F89-9A42-4DF6-B109-07046CF95BD4}
	EndGlobalSection
EndGlobal
